
Microsoft Visual Studio Solution File, Format Version 12.00
# Visual Studio Version 17
VisualStudioVersion = 17.13.35825.156 d17.13
MinimumVisualStudioVersion = 10.0.40219.1
Project("{FAE04EC0-301F-11D3-BF4B-00C04F79EFBC}") = "TheCoffeeShop", "TheCoffeeShop\TheCoffeeShop.csproj", "{9B349D93-11D1-44D0-9976-247B46790FEF}"
EndProject
Global
	GlobalSection(SolutionConfigurationPlatforms) = preSolution
		Debug|Any CPU = Debug|Any CPU
		Release|Any CPU = Release|Any CPU
	EndGlobalSection
	GlobalSection(ProjectConfigurationPlatforms) = postSolution
		{9B349D93-11D1-44D0-9976-247B46790FEF}.Debug|Any CPU.ActiveCfg = Debug|Any CPU
		{9B349D93-11D1-44D0-9976-247B46790FEF}.Debug|Any CPU.Build.0 = Debug|Any CPU
		{9B349D93-11D1-44D0-9976-247B46790FEF}.Release|Any CPU.ActiveCfg = Release|Any CPU
		{9B349D93-11D1-44D0-9976-247B46790FEF}.Release|Any CPU.Build.0 = Release|Any CPU
	EndGlobalSection
	GlobalSection(SolutionProperties) = preSolution
		HideSolutionNode = FALSE
	EndGlobalSection
	GlobalSection(ExtensibilityGlobals) = postSolution
		SolutionGuid = {82196F6A-BEFC-4716-9DFF-72534158444E}
	EndGlobalSection
EndGlobal
